// !$*UTF8*$!
{
	archiveVersion = 1;
	classes = {
	};
	objectVersion = 50;
	objects = {

/* Begin PBXBuildFile section */
		39C8FD81262A22A900180128 /* AppDelegate.m in Sources */ = {isa = PBXBuildFile; fileRef = 39C8FD80262A22A900180128 /* AppDelegate.m */; };
		39C8FD84262A22A900180128 /* SceneDelegate.m in Sources */ = {isa = PBXBuildFile; fileRef = 39C8FD83262A22A900180128 /* SceneDelegate.m */; };
		39C8FD87262A22A900180128 /* ViewController.m in Sources */ = {isa = PBXBuildFile; fileRef = 39C8FD86262A22A900180128 /* ViewController.m */; };
		39C8FD8A262A22A900180128 /* Main.storyboard in Resources */ = {isa = PBXBuildFile; fileRef = 39C8FD88262A22A900180128 /* Main.storyboard */; };
		39C8FD8C262A22AA00180128 /* Assets.xcassets in Resources */ = {isa = PBXBuildFile; fileRef = 39C8FD8B262A22AA00180128 /* Assets.xcassets */; };
		39C8FD8F262A22AA00180128 /* LaunchScreen.storyboard in Resources */ = {isa = PBXBuildFile; fileRef = 39C8FD8D262A22AA00180128 /* LaunchScreen.storyboard */; };
		39C8FD92262A22AA00180128 /* main.m in Sources */ = {isa = PBXBuildFile; fileRef = 39C8FD91262A22AA00180128 /* main.m */; };
		39C8FD9B262A22D100180128 /* mach_vm_example.c in Sources */ = {isa = PBXBuildFile; fileRef = 39C8FD9A262A22D100180128 /* mach_vm_example.c */; };
/* End PBXBuildFile section */

/* Begin PBXFileReference section */
		39C8FD7C262A22A900180128 /* mach-vm-alloc.app */ = {isa = PBXFileReference; explicitFileType = wrapper.application; includeInIndex = 0; path = "mach-vm-alloc.app"; sourceTree = BUILT_PRODUCTS_DIR; };
		39C8FD7F262A22A900180128 /* AppDelegate.h */ = {isa = PBXFileReference; lastKnownFileType = sourcecode.c.h; path = AppDelegate.h; sourceTree = "<group>"; };
		39C8FD80262A22A900180128 /* AppDelegate.m */ = {isa = PBXFileReference; lastKnownFileType = sourcecode.c.objc; path = AppDelegate.m; sourceTree = "<group>"; };
		39C8FD82262A22A900180128 /* SceneDelegate.h */ = {isa = PBXFileReference; lastKnownFileType = sourcecode.c.h; path = SceneDelegate.h; sourceTree = "<group>"; };
		39C8FD83262A22A900180128 /* SceneDelegate.m */ = {isa = PBXFileReference; lastKnownFileType = sourcecode.c.objc; path = SceneDelegate.m; sourceTree = "<group>"; };
		39C8FD85262A22A900180128 /* ViewController.h */ = {isa = PBXFileReference; lastKnownFileType = sourcecode.c.h; path = ViewController.h; sourceTree = "<group>"; };
		39C8FD86262A22A900180128 /* ViewController.m */ = {isa = PBXFileReference; lastKnownFileType = sourcecode.c.objc; path = ViewController.m; sourceTree = "<group>"; };
		39C8FD89262A22A900180128 /* Base */ = {isa = PBXFileReference; lastKnownFileType = file.storyboard; name = Base; path = Base.lproj/Main.storyboard; sourceTree = "<group>"; };
		39C8FD8B262A22AA00180128 /* Assets.xcassets */ = {isa = PBXFileReference; lastKnownFileType = folder.assetcatalog; path = Assets.xcassets; sourceTree = "<group>"; };
		39C8FD8E262A22AA00180128 /* Base */ = {isa = PBXFileReference; lastKnownFileType = file.storyboard; name = Base; path = Base.lproj/LaunchScreen.storyboard; sourceTree = "<group>"; };
		39C8FD90262A22AA00180128 /* Info.plist */ = {isa = PBXFileReference; lastKnownFileType = text.plist.xml; path = Info.plist; sourceTree = "<group>"; };
		39C8FD91262A22AA00180128 /* main.m */ = {isa = PBXFileReference; lastKnownFileType = sourcecode.c.objc; path = main.m; sourceTree = "<group>"; };
		39C8FD99262A22D100180128 /* mach_vm_example.h */ = {isa = PBXFileReference; lastKnownFileType = sourcecode.c.h; path = mach_vm_example.h; sourceTree = "<group>"; };
		39C8FD9A262A22D100180128 /* mach_vm_example.c */ = {isa = PBXFileReference; lastKnownFileType = sourcecode.c.c; path = mach_vm_example.c; sourceTree = "<group>"; };
/* End PBXFileReference section */

/* Begin PBXFrameworksBuildPhase section */
		39C8FD79262A22A900180128 /* Frameworks */ = {
			isa = PBXFrameworksBuildPhase;
			buildActionMask = 2147483647;
			files = (
			);
			runOnlyForDeploymentPostprocessing = 0;
		};
/* End PBXFrameworksBuildPhase section */

/* Begin PBXGroup section */
		39C8FD73262A22A900180128 = {
			isa = PBXGroup;
			children = (
				39C8FD7E262A22A900180128 /* mach-vm-alloc */,
				39C8FD7D262A22A900180128 /* Products */,
			);
			sourceTree = "<group>";
		};
		39C8FD7D262A22A900180128 /* Products */ = {
			isa = PBXGroup;
			children = (
				39C8FD7C262A22A900180128 /* mach-vm-alloc.app */,
			);
			name = Products;
			sourceTree = "<group>";
		};
		39C8FD7E262A22A900180128 /* mach-vm-alloc */ = {
			isa = PBXGroup;
			children = (
				39C8FD7F262A22A900180128 /* AppDelegate.h */,
				39C8FD80262A22A900180128 /* AppDelegate.m */,
				39C8FD82262A22A900180128 /* SceneDelegate.h */,
				39C8FD83262A22A900180128 /* SceneDelegate.m */,
				39C8FD85262A22A900180128 /* ViewController.h */,
				39C8FD86262A22A900180128 /* ViewController.m */,
				39C8FD88262A22A900180128 /* Main.storyboard */,
				39C8FD8B262A22AA00180128 /* Assets.xcassets */,
				39C8FD8D262A22AA00180128 /* LaunchScreen.storyboard */,
				39C8FD90262A22AA00180128 /* Info.plist */,
				39C8FD91262A22AA00180128 /* main.m */,
				39C8FD99262A22D100180128 /* mach_vm_example.h */,
				39C8FD9A262A22D100180128 /* mach_vm_example.c */,
			);
			path = "mach-vm-alloc";
			sourceTree = "<group>";
		};
/* End PBXGroup section */

/* Begin PBXNativeTarget section */
		39C8FD7B262A22A900180128 /* mach-vm-alloc */ = {
			isa = PBXNativeTarget;
			buildConfigurationList = 39C8FD95262A22AA00180128 /* Build configuration list for PBXNativeTarget "mach-vm-alloc" */;
			buildPhases = (
				39C8FD78262A22A900180128 /* Sources */,
				39C8FD79262A22A900180128 /* Frameworks */,
				39C8FD7A262A22A900180128 /* Resources */,
			);
			buildRules = (
			);
			dependencies = (
			);
			name = "mach-vm-alloc";
			productName = "mach-vm-alloc";
			productReference = 39C8FD7C262A22A900180128 /* mach-vm-alloc.app */;
			productType = "com.apple.product-type.application";
		};
/* End PBXNativeTarget section */

/* Begin PBXProject section */
		39C8FD74262A22A900180128 /* Project object */ = {
			isa = PBXProject;
			attributes = {
				LastUpgradeCheck = 1240;
				TargetAttributes = {
					39C8FD7B262A22A900180128 = {
						CreatedOnToolsVersion = 12.4;
					};
				};
			};
			buildConfigurationList = 39C8FD77262A22A900180128 /* Build configuration list for PBXProject "mach-vm-alloc" */;
			compatibilityVersion = "Xcode 9.3";
			developmentRegion = en;
			hasScannedForEncodings = 0;
			knownRegions = (
				en,
				Base,
			);
			mainGroup = 39C8FD73262A22A900180128;
			productRefGroup = 39C8FD7D262A22A900180128 /* Products */;
			projectDirPath = "";
			projectRoot = "";
			targets = (
				39C8FD7B262A22A900180128 /* mach-vm-alloc */,
			);
		};
/* End PBXProject section */

/* Begin PBXResourcesBuildPhase section */
		39C8FD7A262A22A900180128 /* Resources */ = {
			isa = PBXResourcesBuildPhase;
			buildActionMask = 2147483647;
			files = (
				39C8FD8F262A22AA00180128 /* LaunchScreen.storyboard in Resources */,
				39C8FD8C262A22AA00180128 /* Assets.xcassets in Resources */,
				39C8FD8A262A22A900180128 /* Main.storyboard in Resources */,
			);
			runOnlyForDeploymentPostprocessing = 0;
		};
/* End PBXResourcesBuildPhase section */

/* Begin PBXSourcesBuildPhase section */
		39C8FD78262A22A900180128 /* Sources */ = {
			isa = PBXSourcesBuildPhase;
			buildActionMask = 2147483647;
			files = (
				39C8FD87262A22A900180128 /* ViewController.m in Sources */,
				39C8FD81262A22A900180128 /* AppDelegate.m in Sources */,
				39C8FD9B262A22D100180128 /* mach_vm_example.c in Sources */,
				39C8FD92262A22AA00180128 /* main.m in Sources */,
				39C8FD84262A22A900180128 /* SceneDelegate.m in Sources */,
			);
			runOnlyForDeploymentPostprocessing = 0;
		};
/* End PBXSourcesBuildPhase section */

/* Begin PBXVariantGroup section */
		39C8FD88262A22A900180128 /* Main.storyboard */ = {
			isa = PBXVariantGroup;
			children = (
				39C8FD89262A22A900180128 /* Base */,
			);
			name = Main.storyboard;
			sourceTree = "<group>";
		};
		39C8FD8D262A22AA00180128 /* LaunchScreen.storyboard */ = {
			isa = PBXVariantGroup;
			children = (
				39C8FD8E262A22AA00180128 /* Base */,
			);
			name = LaunchScreen.storyboard;
			sourceTree = "<group>";
		};
/* End PBXVariantGroup section */

/* Begin XCBuildConfiguration section */
		39C8FD93262A22AA00180128 /* Debug */ = {
			isa = XCBuildConfiguration;
			buildSettings = {
				ALWAYS_SEARCH_USER_PATHS = NO;
				CLANG_ANALYZER_NONNULL = YES;
				CLANG_ANALYZER_NUMBER_OBJECT_CONVERSION = YES_AGGRESSIVE;
				CLANG_CXX_LANGUAGE_STANDARD = "gnu++14";
				CLANG_CXX_LIBRARY = "libc++";
				CLANG_ENABLE_MODULES = YES;
				CLANG_ENABLE_OBJC_ARC = YES;
				CLANG_ENABLE_OBJC_WEAK = YES;
				CLANG_WARN_BLOCK_CAPTURE_AUTORELEASING = YES;
				CLANG_WARN_BOOL_CONVERSION = YES;
				CLANG_WARN_COMMA = YES;
				CLANG_WARN_CONSTANT_CONVERSION = YES;
				CLANG_WARN_DEPRECATED_OBJC_IMPLEMENTATIONS = YES;
				CLANG_WARN_DIRECT_OBJC_ISA_USAGE = YES_ERROR;
				CLANG_WARN_DOCUMENTATION_COMMENTS = YES;
				CLANG_WARN_EMPTY_BODY = YES;
				CLANG_WARN_ENUM_CONVERSION = YES;
				CLANG_WARN_INFINITE_RECURSION = YES;
				CLANG_WARN_INT_CONVERSION = YES;
				CLANG_WARN_NON_LITERAL_NULL_CONVERSION = YES;
				CLANG_WARN_OBJC_IMPLICIT_RETAIN_SELF = YES;
				CLANG_WARN_OBJC_LITERAL_CONVERSION = YES;
				CLANG_WARN_OBJC_ROOT_CLASS = YES_ERROR;
				CLANG_WARN_QUOTED_INCLUDE_IN_FRAMEWORK_HEADER = YES;
				CLANG_WARN_RANGE_LOOP_ANALYSIS = YES;
				CLANG_WARN_STRICT_PROTOTYPES = YES;
				CLANG_WARN_SUSPICIOUS_MOVE = YES;
				CLANG_WARN_UNGUARDED_AVAILABILITY = YES_AGGRESSIVE;
				CLANG_WARN_UNREACHABLE_CODE = YES;
				CLANG_WARN__DUPLICATE_METHOD_MATCH = YES;
				COPY_PHASE_STRIP = NO;
				DEBUG_INFORMATION_FORMAT = dwarf;
				ENABLE_STRICT_OBJC_MSGSEND = YES;
				ENABLE_TESTABILITY = YES;
				GCC_C_LANGUAGE_STANDARD = gnu11;
				GCC_DYNAMIC_NO_PIC = NO;
				GCC_NO_COMMON_BLOCKS = YES;
				GCC_OPTIMIZATION_LEVEL = 0;
				GCC_PREPROCESSOR_DEFINITIONS = (
					"DEBUG=1",
					"$(inherited)",
				);
				GCC_WARN_64_TO_32_BIT_CONVERSION = YES;
				GCC_WARN_ABOUT_RETURN_TYPE = YES_ERROR;
				GCC_WARN_UNDECLARED_SELECTOR = YES;
				GCC_WARN_UNINITIALIZED_AUTOS = YES_AGGRESSIVE;
				GCC_WARN_UNUSED_FUNCTION = YES;
				GCC_WARN_UNUSED_VARIABLE = YES;
				IPHONEOS_DEPLOYMENT_TARGET = 14.4;
				MTL_ENABLE_DEBUG_INFO = INCLUDE_SOURCE;
				MTL_FAST_MATH = YES;
				ONLY_ACTIVE_ARCH = YES;
				SDKROOT = iphoneos;
			};
			name = Debug;
		};
		39C8FD94262A22AA00180128 /* Release */ = {
			isa = XCBuildConfiguration;
			buildSettings = {
				ALWAYS_SEARCH_USER_PATHS = NO;
				CLANG_ANALYZER_NONNULL = YES;
				CLANG_ANALYZER_NUMBER_OBJECT_CONVERSION = YES_AGGRESSIVE;
				CLANG_CXX_LANGUAGE_STANDARD = "gnu++14";
				CLANG_CXX_LIBRARY = "libc++";
				CLANG_ENABLE_MODULES = YES;
				CLANG_ENABLE_OBJC_ARC = YES;
				CLANG_ENABLE_OBJC_WEAK = YES;
				CLANG_WARN_BLOCK_CAPTURE_AUTORELEASING = YES;
				CLANG_WARN_BOOL_CONVERSION = YES;
				CLANG_WARN_COMMA = YES;
				CLANG_WARN_CONSTANT_CONVERSION = YES;
				CLANG_WARN_DEPRECATED_OBJC_IMPLEMENTATIONS = YES;
				CLANG_WARN_DIRECT_OBJC_ISA_USAGE = YES_ERROR;
				CLANG_WARN_DOCUMENTATION_COMMENTS = YES;
				CLANG_WARN_EMPTY_BODY = YES;
				CLANG_WARN_ENUM_CONVERSION = YES;
				CLANG_WARN_INFINITE_RECURSION = YES;
				CLANG_WARN_INT_CONVERSION = YES;
				CLANG_WARN_NON_LITERAL_NULL_CONVERSION = YES;
				CLANG_WARN_OBJC_IMPLICIT_RETAIN_SELF = YES;
				CLANG_WARN_OBJC_LITERAL_CONVERSION = YES;
				CLANG_WARN_OBJC_ROOT_CLASS = YES_ERROR;
				CLANG_WARN_QUOTED_INCLUDE_IN_FRAMEWORK_HEADER = YES;
				CLANG_WARN_RANGE_LOOP_ANALYSIS = YES;
				CLANG_WARN_STRICT_PROTOTYPES = YES;
				CLANG_WARN_SUSPICIOUS_MOVE = YES;
				CLANG_WARN_UNGUARDED_AVAILABILITY = YES_AGGRESSIVE;
				CLANG_WARN_UNREACHABLE_CODE = YES;
				CLANG_WARN__DUPLICATE_METHOD_MATCH = YES;
				COPY_PHASE_STRIP = NO;
				DEBUG_INFORMATION_FORMAT = "dwarf-with-dsym";
				ENABLE_NS_ASSERTIONS = NO;
				ENABLE_STRICT_OBJC_MSGSEND = YES;
				GCC_C_LANGUAGE_STANDARD = gnu11;
				GCC_NO_COMMON_BLOCKS = YES;
				GCC_WARN_64_TO_32_BIT_CONVERSION = YES;
				GCC_WARN_ABOUT_RETURN_TYPE = YES_ERROR;
				GCC_WARN_UNDECLARED_SELECTOR = YES;
				GCC_WARN_UNINITIALIZED_AUTOS = YES_AGGRESSIVE;
				GCC_WARN_UNUSED_FUNCTION = YES;
				GCC_WARN_UNUSED_VARIABLE = YES;
				IPHONEOS_DEPLOYMENT_TARGET = 14.4;
				MTL_ENABLE_DEBUG_INFO = NO;
				MTL_FAST_MATH = YES;
				SDKROOT = iphoneos;
				VALIDATE_PRODUCT = YES;
			};
			name = Release;
		};
		39C8FD96262A22AA00180128 /* Debug */ = {
			isa = XCBuildConfiguration;
			buildSettings = {
				ASSETCATALOG_COMPILER_APPICON_NAME = AppIcon;
				ASSETCATALOG_COMPILER_GLOBAL_ACCENT_COLOR_NAME = AccentColor;
				CODE_SIGN_STYLE = Automatic;
				DEVELOPMENT_TEAM = 5Y3322JWHB;
				INFOPLIST_FILE = "mach-vm-alloc/Info.plist";
				LD_RUNPATH_SEARCH_PATHS = (
					"$(inherited)",
					"@executable_path/Frameworks",
				);
				PRODUCT_BUNDLE_IDENTIFIER = "perivalebluebell.com.mach-vm-alloc";
				PRODUCT_NAME = "$(TARGET_NAME)";
				TARGETED_DEVICE_FAMILY = "1,2";
			};
			name = Debug;
		};
		39C8FD97262A22AA00180128 /* Release */ = {
			isa = XCBuildConfiguration;
			buildSettings = {
				ASSETCATALOG_COMPILER_APPICON_NAME = AppIcon;
				ASSETCATALOG_COMPILER_GLOBAL_ACCENT_COLOR_NAME = AccentColor;
				CODE_SIGN_STYLE = Automatic;
				DEVELOPMENT_TEAM = 5Y3322JWHB;
				INFOPLIST_FILE = "mach-vm-alloc/Info.plist";
				LD_RUNPATH_SEARCH_PATHS = (
					"$(inherited)",
					"@executable_path/Frameworks",
				);
				PRODUCT_BUNDLE_IDENTIFIER = "perivalebluebell.com.mach-vm-alloc";
				PRODUCT_NAME = "$(TARGET_NAME)";
				TARGETED_DEVICE_FAMILY = "1,2";
			};
			name = Release;
		};
/* End XCBuildConfiguration section */

/* Begin XCConfigurationList section */
		39C8FD77262A22A900180128 /* Build configuration list for PBXProject "mach-vm-alloc" */ = {
			isa = XCConfigurationList;
			buildConfigurations = (
				39C8FD93262A22AA00180128 /* Debug */,
				39C8FD94262A22AA00180128 /* Release */,
			);
			defaultConfigurationIsVisible = 0;
			defaultConfigurationName = Release;
		};
		39C8FD95262A22AA00180128 /* Build configuration list for PBXNativeTarget "mach-vm-alloc" */ = {
			isa = XCConfigurationList;
			buildConfigurations = (
				39C8FD96262A22AA00180128 /* Debug */,
				39C8FD97262A22AA00180128 /* Release */,
			);
			defaultConfigurationIsVisible = 0;
			defaultConfigurationName = Release;
		};
/* End XCConfigurationList section */
	};
	rootObject = 39C8FD74262A22A900180128 /* Project object */;
}
