// !$*UTF8*$!
{
	archiveVersion = 1;
	classes = {
	};
	objectVersion = 50;
	objects = {

/* Begin PBXBuildFile section */
		39C7D50B26340940008A9D5C /* AppDelegate.m in Sources */ = {isa = PBXBuildFile; fileRef = 39C7D50A26340940008A9D5C /* AppDelegate.m */; };
		39C7D50E26340940008A9D5C /* SceneDelegate.m in Sources */ = {isa = PBXBuildFile; fileRef = 39C7D50D26340940008A9D5C /* SceneDelegate.m */; };
		39C7D51126340940008A9D5C /* ViewController.m in Sources */ = {isa = PBXBuildFile; fileRef = 39C7D51026340940008A9D5C /* ViewController.m */; };
		39C7D51426340940008A9D5C /* Main.storyboard in Resources */ = {isa = PBXBuildFile; fileRef = 39C7D51226340940008A9D5C /* Main.storyboard */; };
		39C7D51626340942008A9D5C /* Assets.xcassets in Resources */ = {isa = PBXBuildFile; fileRef = 39C7D51526340942008A9D5C /* Assets.xcassets */; };
		39C7D51926340942008A9D5C /* LaunchScreen.storyboard in Resources */ = {isa = PBXBuildFile; fileRef = 39C7D51726340942008A9D5C /* LaunchScreen.storyboard */; };
		39C7D51C26340942008A9D5C /* main.m in Sources */ = {isa = PBXBuildFile; fileRef = 39C7D51B26340942008A9D5C /* main.m */; };
		39C7D52526340957008A9D5C /* raise.c in Sources */ = {isa = PBXBuildFile; fileRef = 39C7D52426340957008A9D5C /* raise.c */; };
/* End PBXBuildFile section */

/* Begin PBXFileReference section */
		39C7D50626340940008A9D5C /* exception-ports.app */ = {isa = PBXFileReference; explicitFileType = wrapper.application; includeInIndex = 0; path = "exception-ports.app"; sourceTree = BUILT_PRODUCTS_DIR; };
		39C7D50926340940008A9D5C /* AppDelegate.h */ = {isa = PBXFileReference; lastKnownFileType = sourcecode.c.h; path = AppDelegate.h; sourceTree = "<group>"; };
		39C7D50A26340940008A9D5C /* AppDelegate.m */ = {isa = PBXFileReference; lastKnownFileType = sourcecode.c.objc; path = AppDelegate.m; sourceTree = "<group>"; };
		39C7D50C26340940008A9D5C /* SceneDelegate.h */ = {isa = PBXFileReference; lastKnownFileType = sourcecode.c.h; path = SceneDelegate.h; sourceTree = "<group>"; };
		39C7D50D26340940008A9D5C /* SceneDelegate.m */ = {isa = PBXFileReference; lastKnownFileType = sourcecode.c.objc; path = SceneDelegate.m; sourceTree = "<group>"; };
		39C7D50F26340940008A9D5C /* ViewController.h */ = {isa = PBXFileReference; lastKnownFileType = sourcecode.c.h; path = ViewController.h; sourceTree = "<group>"; };
		39C7D51026340940008A9D5C /* ViewController.m */ = {isa = PBXFileReference; lastKnownFileType = sourcecode.c.objc; path = ViewController.m; sourceTree = "<group>"; };
		39C7D51326340940008A9D5C /* Base */ = {isa = PBXFileReference; lastKnownFileType = file.storyboard; name = Base; path = Base.lproj/Main.storyboard; sourceTree = "<group>"; };
		39C7D51526340942008A9D5C /* Assets.xcassets */ = {isa = PBXFileReference; lastKnownFileType = folder.assetcatalog; path = Assets.xcassets; sourceTree = "<group>"; };
		39C7D51826340942008A9D5C /* Base */ = {isa = PBXFileReference; lastKnownFileType = file.storyboard; name = Base; path = Base.lproj/LaunchScreen.storyboard; sourceTree = "<group>"; };
		39C7D51A26340942008A9D5C /* Info.plist */ = {isa = PBXFileReference; lastKnownFileType = text.plist.xml; path = Info.plist; sourceTree = "<group>"; };
		39C7D51B26340942008A9D5C /* main.m */ = {isa = PBXFileReference; lastKnownFileType = sourcecode.c.objc; path = main.m; sourceTree = "<group>"; };
		39C7D52326340957008A9D5C /* raise.h */ = {isa = PBXFileReference; lastKnownFileType = sourcecode.c.h; path = raise.h; sourceTree = "<group>"; };
		39C7D52426340957008A9D5C /* raise.c */ = {isa = PBXFileReference; lastKnownFileType = sourcecode.c.c; path = raise.c; sourceTree = "<group>"; };
/* End PBXFileReference section */

/* Begin PBXFrameworksBuildPhase section */
		39C7D50326340940008A9D5C /* Frameworks */ = {
			isa = PBXFrameworksBuildPhase;
			buildActionMask = 2147483647;
			files = (
			);
			runOnlyForDeploymentPostprocessing = 0;
		};
/* End PBXFrameworksBuildPhase section */

/* Begin PBXGroup section */
		39C7D4FD26340940008A9D5C = {
			isa = PBXGroup;
			children = (
				39C7D50826340940008A9D5C /* exception-ports */,
				39C7D50726340940008A9D5C /* Products */,
			);
			sourceTree = "<group>";
		};
		39C7D50726340940008A9D5C /* Products */ = {
			isa = PBXGroup;
			children = (
				39C7D50626340940008A9D5C /* exception-ports.app */,
			);
			name = Products;
			sourceTree = "<group>";
		};
		39C7D50826340940008A9D5C /* exception-ports */ = {
			isa = PBXGroup;
			children = (
				39C7D50926340940008A9D5C /* AppDelegate.h */,
				39C7D52326340957008A9D5C /* raise.h */,
				39C7D52426340957008A9D5C /* raise.c */,
				39C7D50A26340940008A9D5C /* AppDelegate.m */,
				39C7D50C26340940008A9D5C /* SceneDelegate.h */,
				39C7D50D26340940008A9D5C /* SceneDelegate.m */,
				39C7D50F26340940008A9D5C /* ViewController.h */,
				39C7D51026340940008A9D5C /* ViewController.m */,
				39C7D51226340940008A9D5C /* Main.storyboard */,
				39C7D51526340942008A9D5C /* Assets.xcassets */,
				39C7D51726340942008A9D5C /* LaunchScreen.storyboard */,
				39C7D51A26340942008A9D5C /* Info.plist */,
				39C7D51B26340942008A9D5C /* main.m */,
			);
			path = "exception-ports";
			sourceTree = "<group>";
		};
/* End PBXGroup section */

/* Begin PBXNativeTarget section */
		39C7D50526340940008A9D5C /* exception-ports */ = {
			isa = PBXNativeTarget;
			buildConfigurationList = 39C7D51F26340942008A9D5C /* Build configuration list for PBXNativeTarget "exception-ports" */;
			buildPhases = (
				39C7D50226340940008A9D5C /* Sources */,
				39C7D50326340940008A9D5C /* Frameworks */,
				39C7D50426340940008A9D5C /* Resources */,
			);
			buildRules = (
			);
			dependencies = (
			);
			name = "exception-ports";
			productName = "exception-ports";
			productReference = 39C7D50626340940008A9D5C /* exception-ports.app */;
			productType = "com.apple.product-type.application";
		};
/* End PBXNativeTarget section */

/* Begin PBXProject section */
		39C7D4FE26340940008A9D5C /* Project object */ = {
			isa = PBXProject;
			attributes = {
				LastUpgradeCheck = 1240;
				TargetAttributes = {
					39C7D50526340940008A9D5C = {
						CreatedOnToolsVersion = 12.4;
					};
				};
			};
			buildConfigurationList = 39C7D50126340940008A9D5C /* Build configuration list for PBXProject "exception-ports" */;
			compatibilityVersion = "Xcode 9.3";
			developmentRegion = en;
			hasScannedForEncodings = 0;
			knownRegions = (
				en,
				Base,
			);
			mainGroup = 39C7D4FD26340940008A9D5C;
			productRefGroup = 39C7D50726340940008A9D5C /* Products */;
			projectDirPath = "";
			projectRoot = "";
			targets = (
				39C7D50526340940008A9D5C /* exception-ports */,
			);
		};
/* End PBXProject section */

/* Begin PBXResourcesBuildPhase section */
		39C7D50426340940008A9D5C /* Resources */ = {
			isa = PBXResourcesBuildPhase;
			buildActionMask = 2147483647;
			files = (
				39C7D51926340942008A9D5C /* LaunchScreen.storyboard in Resources */,
				39C7D51626340942008A9D5C /* Assets.xcassets in Resources */,
				39C7D51426340940008A9D5C /* Main.storyboard in Resources */,
			);
			runOnlyForDeploymentPostprocessing = 0;
		};
/* End PBXResourcesBuildPhase section */

/* Begin PBXSourcesBuildPhase section */
		39C7D50226340940008A9D5C /* Sources */ = {
			isa = PBXSourcesBuildPhase;
			buildActionMask = 2147483647;
			files = (
				39C7D52526340957008A9D5C /* raise.c in Sources */,
				39C7D51126340940008A9D5C /* ViewController.m in Sources */,
				39C7D50B26340940008A9D5C /* AppDelegate.m in Sources */,
				39C7D51C26340942008A9D5C /* main.m in Sources */,
				39C7D50E26340940008A9D5C /* SceneDelegate.m in Sources */,
			);
			runOnlyForDeploymentPostprocessing = 0;
		};
/* End PBXSourcesBuildPhase section */

/* Begin PBXVariantGroup section */
		39C7D51226340940008A9D5C /* Main.storyboard */ = {
			isa = PBXVariantGroup;
			children = (
				39C7D51326340940008A9D5C /* Base */,
			);
			name = Main.storyboard;
			sourceTree = "<group>";
		};
		39C7D51726340942008A9D5C /* LaunchScreen.storyboard */ = {
			isa = PBXVariantGroup;
			children = (
				39C7D51826340942008A9D5C /* Base */,
			);
			name = LaunchScreen.storyboard;
			sourceTree = "<group>";
		};
/* End PBXVariantGroup section */

/* Begin XCBuildConfiguration section */
		39C7D51D26340942008A9D5C /* Debug */ = {
			isa = XCBuildConfiguration;
			buildSettings = {
				ALWAYS_SEARCH_USER_PATHS = NO;
				CLANG_ANALYZER_NONNULL = YES;
				CLANG_ANALYZER_NUMBER_OBJECT_CONVERSION = YES_AGGRESSIVE;
				CLANG_CXX_LANGUAGE_STANDARD = "gnu++14";
				CLANG_CXX_LIBRARY = "libc++";
				CLANG_ENABLE_MODULES = YES;
				CLANG_ENABLE_OBJC_ARC = YES;
				CLANG_ENABLE_OBJC_WEAK = YES;
				CLANG_WARN_BLOCK_CAPTURE_AUTORELEASING = YES;
				CLANG_WARN_BOOL_CONVERSION = YES;
				CLANG_WARN_COMMA = YES;
				CLANG_WARN_CONSTANT_CONVERSION = YES;
				CLANG_WARN_DEPRECATED_OBJC_IMPLEMENTATIONS = YES;
				CLANG_WARN_DIRECT_OBJC_ISA_USAGE = YES_ERROR;
				CLANG_WARN_DOCUMENTATION_COMMENTS = YES;
				CLANG_WARN_EMPTY_BODY = YES;
				CLANG_WARN_ENUM_CONVERSION = YES;
				CLANG_WARN_INFINITE_RECURSION = YES;
				CLANG_WARN_INT_CONVERSION = YES;
				CLANG_WARN_NON_LITERAL_NULL_CONVERSION = YES;
				CLANG_WARN_OBJC_IMPLICIT_RETAIN_SELF = YES;
				CLANG_WARN_OBJC_LITERAL_CONVERSION = YES;
				CLANG_WARN_OBJC_ROOT_CLASS = YES_ERROR;
				CLANG_WARN_QUOTED_INCLUDE_IN_FRAMEWORK_HEADER = YES;
				CLANG_WARN_RANGE_LOOP_ANALYSIS = YES;
				CLANG_WARN_STRICT_PROTOTYPES = YES;
				CLANG_WARN_SUSPICIOUS_MOVE = YES;
				CLANG_WARN_UNGUARDED_AVAILABILITY = YES_AGGRESSIVE;
				CLANG_WARN_UNREACHABLE_CODE = YES;
				CLANG_WARN__DUPLICATE_METHOD_MATCH = YES;
				COPY_PHASE_STRIP = NO;
				DEBUG_INFORMATION_FORMAT = dwarf;
				ENABLE_STRICT_OBJC_MSGSEND = YES;
				ENABLE_TESTABILITY = YES;
				GCC_C_LANGUAGE_STANDARD = gnu11;
				GCC_DYNAMIC_NO_PIC = NO;
				GCC_NO_COMMON_BLOCKS = YES;
				GCC_OPTIMIZATION_LEVEL = 0;
				GCC_PREPROCESSOR_DEFINITIONS = (
					"DEBUG=1",
					"$(inherited)",
				);
				GCC_WARN_64_TO_32_BIT_CONVERSION = YES;
				GCC_WARN_ABOUT_RETURN_TYPE = YES_ERROR;
				GCC_WARN_UNDECLARED_SELECTOR = YES;
				GCC_WARN_UNINITIALIZED_AUTOS = YES_AGGRESSIVE;
				GCC_WARN_UNUSED_FUNCTION = YES;
				GCC_WARN_UNUSED_VARIABLE = YES;
				IPHONEOS_DEPLOYMENT_TARGET = 14.4;
				MTL_ENABLE_DEBUG_INFO = INCLUDE_SOURCE;
				MTL_FAST_MATH = YES;
				ONLY_ACTIVE_ARCH = YES;
				SDKROOT = iphoneos;
			};
			name = Debug;
		};
		39C7D51E26340942008A9D5C /* Release */ = {
			isa = XCBuildConfiguration;
			buildSettings = {
				ALWAYS_SEARCH_USER_PATHS = NO;
				CLANG_ANALYZER_NONNULL = YES;
				CLANG_ANALYZER_NUMBER_OBJECT_CONVERSION = YES_AGGRESSIVE;
				CLANG_CXX_LANGUAGE_STANDARD = "gnu++14";
				CLANG_CXX_LIBRARY = "libc++";
				CLANG_ENABLE_MODULES = YES;
				CLANG_ENABLE_OBJC_ARC = YES;
				CLANG_ENABLE_OBJC_WEAK = YES;
				CLANG_WARN_BLOCK_CAPTURE_AUTORELEASING = YES;
				CLANG_WARN_BOOL_CONVERSION = YES;
				CLANG_WARN_COMMA = YES;
				CLANG_WARN_CONSTANT_CONVERSION = YES;
				CLANG_WARN_DEPRECATED_OBJC_IMPLEMENTATIONS = YES;
				CLANG_WARN_DIRECT_OBJC_ISA_USAGE = YES_ERROR;
				CLANG_WARN_DOCUMENTATION_COMMENTS = YES;
				CLANG_WARN_EMPTY_BODY = YES;
				CLANG_WARN_ENUM_CONVERSION = YES;
				CLANG_WARN_INFINITE_RECURSION = YES;
				CLANG_WARN_INT_CONVERSION = YES;
				CLANG_WARN_NON_LITERAL_NULL_CONVERSION = YES;
				CLANG_WARN_OBJC_IMPLICIT_RETAIN_SELF = YES;
				CLANG_WARN_OBJC_LITERAL_CONVERSION = YES;
				CLANG_WARN_OBJC_ROOT_CLASS = YES_ERROR;
				CLANG_WARN_QUOTED_INCLUDE_IN_FRAMEWORK_HEADER = YES;
				CLANG_WARN_RANGE_LOOP_ANALYSIS = YES;
				CLANG_WARN_STRICT_PROTOTYPES = YES;
				CLANG_WARN_SUSPICIOUS_MOVE = YES;
				CLANG_WARN_UNGUARDED_AVAILABILITY = YES_AGGRESSIVE;
				CLANG_WARN_UNREACHABLE_CODE = YES;
				CLANG_WARN__DUPLICATE_METHOD_MATCH = YES;
				COPY_PHASE_STRIP = NO;
				DEBUG_INFORMATION_FORMAT = "dwarf-with-dsym";
				ENABLE_NS_ASSERTIONS = NO;
				ENABLE_STRICT_OBJC_MSGSEND = YES;
				GCC_C_LANGUAGE_STANDARD = gnu11;
				GCC_NO_COMMON_BLOCKS = YES;
				GCC_WARN_64_TO_32_BIT_CONVERSION = YES;
				GCC_WARN_ABOUT_RETURN_TYPE = YES_ERROR;
				GCC_WARN_UNDECLARED_SELECTOR = YES;
				GCC_WARN_UNINITIALIZED_AUTOS = YES_AGGRESSIVE;
				GCC_WARN_UNUSED_FUNCTION = YES;
				GCC_WARN_UNUSED_VARIABLE = YES;
				IPHONEOS_DEPLOYMENT_TARGET = 14.4;
				MTL_ENABLE_DEBUG_INFO = NO;
				MTL_FAST_MATH = YES;
				SDKROOT = iphoneos;
				VALIDATE_PRODUCT = YES;
			};
			name = Release;
		};
		39C7D52026340942008A9D5C /* Debug */ = {
			isa = XCBuildConfiguration;
			buildSettings = {
				ASSETCATALOG_COMPILER_APPICON_NAME = AppIcon;
				ASSETCATALOG_COMPILER_GLOBAL_ACCENT_COLOR_NAME = AccentColor;
				CODE_SIGN_STYLE = Automatic;
				DEVELOPMENT_TEAM = 5Y3322JWHB;
				INFOPLIST_FILE = "exception-ports/Info.plist";
				LD_RUNPATH_SEARCH_PATHS = (
					"$(inherited)",
					"@executable_path/Frameworks",
				);
				PRODUCT_BUNDLE_IDENTIFIER = "perivalebluebell.com.exception-ports";
				PRODUCT_NAME = "$(TARGET_NAME)";
				TARGETED_DEVICE_FAMILY = "1,2";
			};
			name = Debug;
		};
		39C7D52126340942008A9D5C /* Release */ = {
			isa = XCBuildConfiguration;
			buildSettings = {
				ASSETCATALOG_COMPILER_APPICON_NAME = AppIcon;
				ASSETCATALOG_COMPILER_GLOBAL_ACCENT_COLOR_NAME = AccentColor;
				CODE_SIGN_STYLE = Automatic;
				DEVELOPMENT_TEAM = 5Y3322JWHB;
				INFOPLIST_FILE = "exception-ports/Info.plist";
				LD_RUNPATH_SEARCH_PATHS = (
					"$(inherited)",
					"@executable_path/Frameworks",
				);
				PRODUCT_BUNDLE_IDENTIFIER = "perivalebluebell.com.exception-ports";
				PRODUCT_NAME = "$(TARGET_NAME)";
				TARGETED_DEVICE_FAMILY = "1,2";
			};
			name = Release;
		};
/* End XCBuildConfiguration section */

/* Begin XCConfigurationList section */
		39C7D50126340940008A9D5C /* Build configuration list for PBXProject "exception-ports" */ = {
			isa = XCConfigurationList;
			buildConfigurations = (
				39C7D51D26340942008A9D5C /* Debug */,
				39C7D51E26340942008A9D5C /* Release */,
			);
			defaultConfigurationIsVisible = 0;
			defaultConfigurationName = Release;
		};
		39C7D51F26340942008A9D5C /* Build configuration list for PBXNativeTarget "exception-ports" */ = {
			isa = XCConfigurationList;
			buildConfigurations = (
				39C7D52026340942008A9D5C /* Debug */,
				39C7D52126340942008A9D5C /* Release */,
			);
			defaultConfigurationIsVisible = 0;
			defaultConfigurationName = Release;
		};
/* End XCConfigurationList section */
	};
	rootObject = 39C7D4FE26340940008A9D5C /* Project object */;
}
