// !$*UTF8*$!
{
	archiveVersion = 1;
	classes = {
	};
	objectVersion = 52;
	objects = {

/* Begin PBXBuildFile section */
		39A49D48266025810021750E /* AppDelegate.swift in Sources */ = {isa = PBXBuildFile; fileRef = 39A49D47266025810021750E /* AppDelegate.swift */; };
		39A49D4A266025810021750E /* ViewController.swift in Sources */ = {isa = PBXBuildFile; fileRef = 39A49D49266025810021750E /* ViewController.swift */; };
		39A49D4C266025810021750E /* Document.swift in Sources */ = {isa = PBXBuildFile; fileRef = 39A49D4B266025810021750E /* Document.swift */; };
		39A49D4E266025810021750E /* Assets.xcassets in Resources */ = {isa = PBXBuildFile; fileRef = 39A49D4D266025810021750E /* Assets.xcassets */; };
		39A49D51266025810021750E /* Main.storyboard in Resources */ = {isa = PBXBuildFile; fileRef = 39A49D4F266025810021750E /* Main.storyboard */; };
		39A49D5E26602AAB0021750E /* Constants.swift in Sources */ = {isa = PBXBuildFile; fileRef = 39A49D5D26602AAB0021750E /* Constants.swift */; };
		39A49D6226602D310021750E /* BookBuilderFile.swift in Sources */ = {isa = PBXBuildFile; fileRef = 39A49D6126602D310021750E /* BookBuilderFile.swift */; };
		39A49D6A266240DE0021750E /* BuilderLibrary in Frameworks */ = {isa = PBXBuildFile; productRef = 39A49D69266240DE0021750E /* BuilderLibrary */; };
/* End PBXBuildFile section */

/* Begin PBXFileReference section */
		39A49D44266025810021750E /* BookBuilder.app */ = {isa = PBXFileReference; explicitFileType = wrapper.application; includeInIndex = 0; path = BookBuilder.app; sourceTree = BUILT_PRODUCTS_DIR; };
		39A49D47266025810021750E /* AppDelegate.swift */ = {isa = PBXFileReference; lastKnownFileType = sourcecode.swift; path = AppDelegate.swift; sourceTree = "<group>"; };
		39A49D49266025810021750E /* ViewController.swift */ = {isa = PBXFileReference; lastKnownFileType = sourcecode.swift; path = ViewController.swift; sourceTree = "<group>"; };
		39A49D4B266025810021750E /* Document.swift */ = {isa = PBXFileReference; lastKnownFileType = sourcecode.swift; path = Document.swift; sourceTree = "<group>"; };
		39A49D4D266025810021750E /* Assets.xcassets */ = {isa = PBXFileReference; lastKnownFileType = folder.assetcatalog; path = Assets.xcassets; sourceTree = "<group>"; };
		39A49D50266025810021750E /* Base */ = {isa = PBXFileReference; lastKnownFileType = file.storyboard; name = Base; path = Base.lproj/Main.storyboard; sourceTree = "<group>"; };
		39A49D52266025810021750E /* Info.plist */ = {isa = PBXFileReference; lastKnownFileType = text.plist.xml; path = Info.plist; sourceTree = "<group>"; };
		39A49D53266025810021750E /* BookBuilder.entitlements */ = {isa = PBXFileReference; lastKnownFileType = text.plist.entitlements; path = BookBuilder.entitlements; sourceTree = "<group>"; };
		39A49D5D26602AAB0021750E /* Constants.swift */ = {isa = PBXFileReference; lastKnownFileType = sourcecode.swift; path = Constants.swift; sourceTree = "<group>"; };
		39A49D6126602D310021750E /* BookBuilderFile.swift */ = {isa = PBXFileReference; lastKnownFileType = sourcecode.swift; path = BookBuilderFile.swift; sourceTree = "<group>"; };
		39A49D662662406E0021750E /* BuilderLibrary */ = {isa = PBXFileReference; lastKnownFileType = folder; path = BuilderLibrary; sourceTree = "<group>"; };
/* End PBXFileReference section */

/* Begin PBXFrameworksBuildPhase section */
		39A49D41266025810021750E /* Frameworks */ = {
			isa = PBXFrameworksBuildPhase;
			buildActionMask = 2147483647;
			files = (
				39A49D6A266240DE0021750E /* BuilderLibrary in Frameworks */,
			);
			runOnlyForDeploymentPostprocessing = 0;
		};
/* End PBXFrameworksBuildPhase section */

/* Begin PBXGroup section */
		39A49D3B266025810021750E = {
			isa = PBXGroup;
			children = (
				39A49D662662406E0021750E /* BuilderLibrary */,
				39A49D46266025810021750E /* BookBuilder */,
				39A49D45266025810021750E /* Products */,
				39A49D68266240DE0021750E /* Frameworks */,
			);
			sourceTree = "<group>";
		};
		39A49D45266025810021750E /* Products */ = {
			isa = PBXGroup;
			children = (
				39A49D44266025810021750E /* BookBuilder.app */,
			);
			name = Products;
			sourceTree = "<group>";
		};
		39A49D46266025810021750E /* BookBuilder */ = {
			isa = PBXGroup;
			children = (
				39A49D5D26602AAB0021750E /* Constants.swift */,
				39A49D47266025810021750E /* AppDelegate.swift */,
				39A49D49266025810021750E /* ViewController.swift */,
				39A49D4B266025810021750E /* Document.swift */,
				39A49D6126602D310021750E /* BookBuilderFile.swift */,
				39A49D4D266025810021750E /* Assets.xcassets */,
				39A49D4F266025810021750E /* Main.storyboard */,
				39A49D52266025810021750E /* Info.plist */,
				39A49D53266025810021750E /* BookBuilder.entitlements */,
			);
			path = BookBuilder;
			sourceTree = "<group>";
		};
		39A49D68266240DE0021750E /* Frameworks */ = {
			isa = PBXGroup;
			children = (
			);
			name = Frameworks;
			sourceTree = "<group>";
		};
/* End PBXGroup section */

/* Begin PBXNativeTarget section */
		39A49D43266025810021750E /* BookBuilder */ = {
			isa = PBXNativeTarget;
			buildConfigurationList = 39A49D56266025810021750E /* Build configuration list for PBXNativeTarget "BookBuilder" */;
			buildPhases = (
				39A49D40266025810021750E /* Sources */,
				39A49D41266025810021750E /* Frameworks */,
				39A49D42266025810021750E /* Resources */,
			);
			buildRules = (
			);
			dependencies = (
			);
			name = BookBuilder;
			packageProductDependencies = (
				39A49D69266240DE0021750E /* BuilderLibrary */,
			);
			productName = BookBuilder;
			productReference = 39A49D44266025810021750E /* BookBuilder.app */;
			productType = "com.apple.product-type.application";
		};
/* End PBXNativeTarget section */

/* Begin PBXProject section */
		39A49D3C266025810021750E /* Project object */ = {
			isa = PBXProject;
			attributes = {
				LastSwiftUpdateCheck = 1240;
				LastUpgradeCheck = 1240;
				TargetAttributes = {
					39A49D43266025810021750E = {
						CreatedOnToolsVersion = 12.4;
					};
				};
			};
			buildConfigurationList = 39A49D3F266025810021750E /* Build configuration list for PBXProject "BookBuilder" */;
			compatibilityVersion = "Xcode 9.3";
			developmentRegion = en;
			hasScannedForEncodings = 0;
			knownRegions = (
				en,
				Base,
			);
			mainGroup = 39A49D3B266025810021750E;
			productRefGroup = 39A49D45266025810021750E /* Products */;
			projectDirPath = "";
			projectRoot = "";
			targets = (
				39A49D43266025810021750E /* BookBuilder */,
			);
		};
/* End PBXProject section */

/* Begin PBXResourcesBuildPhase section */
		39A49D42266025810021750E /* Resources */ = {
			isa = PBXResourcesBuildPhase;
			buildActionMask = 2147483647;
			files = (
				39A49D4E266025810021750E /* Assets.xcassets in Resources */,
				39A49D51266025810021750E /* Main.storyboard in Resources */,
			);
			runOnlyForDeploymentPostprocessing = 0;
		};
/* End PBXResourcesBuildPhase section */

/* Begin PBXSourcesBuildPhase section */
		39A49D40266025810021750E /* Sources */ = {
			isa = PBXSourcesBuildPhase;
			buildActionMask = 2147483647;
			files = (
				39A49D4A266025810021750E /* ViewController.swift in Sources */,
				39A49D6226602D310021750E /* BookBuilderFile.swift in Sources */,
				39A49D48266025810021750E /* AppDelegate.swift in Sources */,
				39A49D4C266025810021750E /* Document.swift in Sources */,
				39A49D5E26602AAB0021750E /* Constants.swift in Sources */,
			);
			runOnlyForDeploymentPostprocessing = 0;
		};
/* End PBXSourcesBuildPhase section */

/* Begin PBXVariantGroup section */
		39A49D4F266025810021750E /* Main.storyboard */ = {
			isa = PBXVariantGroup;
			children = (
				39A49D50266025810021750E /* Base */,
			);
			name = Main.storyboard;
			sourceTree = "<group>";
		};
/* End PBXVariantGroup section */

/* Begin XCBuildConfiguration section */
		39A49D54266025810021750E /* Debug */ = {
			isa = XCBuildConfiguration;
			buildSettings = {
				ALWAYS_SEARCH_USER_PATHS = NO;
				CLANG_ANALYZER_NONNULL = YES;
				CLANG_ANALYZER_NUMBER_OBJECT_CONVERSION = YES_AGGRESSIVE;
				CLANG_CXX_LANGUAGE_STANDARD = "gnu++14";
				CLANG_CXX_LIBRARY = "libc++";
				CLANG_ENABLE_MODULES = YES;
				CLANG_ENABLE_OBJC_ARC = YES;
				CLANG_ENABLE_OBJC_WEAK = YES;
				CLANG_WARN_BLOCK_CAPTURE_AUTORELEASING = YES;
				CLANG_WARN_BOOL_CONVERSION = YES;
				CLANG_WARN_COMMA = YES;
				CLANG_WARN_CONSTANT_CONVERSION = YES;
				CLANG_WARN_DEPRECATED_OBJC_IMPLEMENTATIONS = YES;
				CLANG_WARN_DIRECT_OBJC_ISA_USAGE = YES_ERROR;
				CLANG_WARN_DOCUMENTATION_COMMENTS = YES;
				CLANG_WARN_EMPTY_BODY = YES;
				CLANG_WARN_ENUM_CONVERSION = YES;
				CLANG_WARN_INFINITE_RECURSION = YES;
				CLANG_WARN_INT_CONVERSION = YES;
				CLANG_WARN_NON_LITERAL_NULL_CONVERSION = YES;
				CLANG_WARN_OBJC_IMPLICIT_RETAIN_SELF = YES;
				CLANG_WARN_OBJC_LITERAL_CONVERSION = YES;
				CLANG_WARN_OBJC_ROOT_CLASS = YES_ERROR;
				CLANG_WARN_QUOTED_INCLUDE_IN_FRAMEWORK_HEADER = YES;
				CLANG_WARN_RANGE_LOOP_ANALYSIS = YES;
				CLANG_WARN_STRICT_PROTOTYPES = YES;
				CLANG_WARN_SUSPICIOUS_MOVE = YES;
				CLANG_WARN_UNGUARDED_AVAILABILITY = YES_AGGRESSIVE;
				CLANG_WARN_UNREACHABLE_CODE = YES;
				CLANG_WARN__DUPLICATE_METHOD_MATCH = YES;
				COPY_PHASE_STRIP = NO;
				DEBUG_INFORMATION_FORMAT = dwarf;
				ENABLE_STRICT_OBJC_MSGSEND = YES;
				ENABLE_TESTABILITY = YES;
				GCC_C_LANGUAGE_STANDARD = gnu11;
				GCC_DYNAMIC_NO_PIC = NO;
				GCC_NO_COMMON_BLOCKS = YES;
				GCC_OPTIMIZATION_LEVEL = 0;
				GCC_PREPROCESSOR_DEFINITIONS = (
					"DEBUG=1",
					"$(inherited)",
				);
				GCC_WARN_64_TO_32_BIT_CONVERSION = YES;
				GCC_WARN_ABOUT_RETURN_TYPE = YES_ERROR;
				GCC_WARN_UNDECLARED_SELECTOR = YES;
				GCC_WARN_UNINITIALIZED_AUTOS = YES_AGGRESSIVE;
				GCC_WARN_UNUSED_FUNCTION = YES;
				GCC_WARN_UNUSED_VARIABLE = YES;
				MACOSX_DEPLOYMENT_TARGET = 11.1;
				MTL_ENABLE_DEBUG_INFO = INCLUDE_SOURCE;
				MTL_FAST_MATH = YES;
				ONLY_ACTIVE_ARCH = YES;
				SDKROOT = macosx;
				SWIFT_ACTIVE_COMPILATION_CONDITIONS = DEBUG;
				SWIFT_OPTIMIZATION_LEVEL = "-Onone";
			};
			name = Debug;
		};
		39A49D55266025810021750E /* Release */ = {
			isa = XCBuildConfiguration;
			buildSettings = {
				ALWAYS_SEARCH_USER_PATHS = NO;
				CLANG_ANALYZER_NONNULL = YES;
				CLANG_ANALYZER_NUMBER_OBJECT_CONVERSION = YES_AGGRESSIVE;
				CLANG_CXX_LANGUAGE_STANDARD = "gnu++14";
				CLANG_CXX_LIBRARY = "libc++";
				CLANG_ENABLE_MODULES = YES;
				CLANG_ENABLE_OBJC_ARC = YES;
				CLANG_ENABLE_OBJC_WEAK = YES;
				CLANG_WARN_BLOCK_CAPTURE_AUTORELEASING = YES;
				CLANG_WARN_BOOL_CONVERSION = YES;
				CLANG_WARN_COMMA = YES;
				CLANG_WARN_CONSTANT_CONVERSION = YES;
				CLANG_WARN_DEPRECATED_OBJC_IMPLEMENTATIONS = YES;
				CLANG_WARN_DIRECT_OBJC_ISA_USAGE = YES_ERROR;
				CLANG_WARN_DOCUMENTATION_COMMENTS = YES;
				CLANG_WARN_EMPTY_BODY = YES;
				CLANG_WARN_ENUM_CONVERSION = YES;
				CLANG_WARN_INFINITE_RECURSION = YES;
				CLANG_WARN_INT_CONVERSION = YES;
				CLANG_WARN_NON_LITERAL_NULL_CONVERSION = YES;
				CLANG_WARN_OBJC_IMPLICIT_RETAIN_SELF = YES;
				CLANG_WARN_OBJC_LITERAL_CONVERSION = YES;
				CLANG_WARN_OBJC_ROOT_CLASS = YES_ERROR;
				CLANG_WARN_QUOTED_INCLUDE_IN_FRAMEWORK_HEADER = YES;
				CLANG_WARN_RANGE_LOOP_ANALYSIS = YES;
				CLANG_WARN_STRICT_PROTOTYPES = YES;
				CLANG_WARN_SUSPICIOUS_MOVE = YES;
				CLANG_WARN_UNGUARDED_AVAILABILITY = YES_AGGRESSIVE;
				CLANG_WARN_UNREACHABLE_CODE = YES;
				CLANG_WARN__DUPLICATE_METHOD_MATCH = YES;
				COPY_PHASE_STRIP = NO;
				DEBUG_INFORMATION_FORMAT = "dwarf-with-dsym";
				ENABLE_NS_ASSERTIONS = NO;
				ENABLE_STRICT_OBJC_MSGSEND = YES;
				GCC_C_LANGUAGE_STANDARD = gnu11;
				GCC_NO_COMMON_BLOCKS = YES;
				GCC_WARN_64_TO_32_BIT_CONVERSION = YES;
				GCC_WARN_ABOUT_RETURN_TYPE = YES_ERROR;
				GCC_WARN_UNDECLARED_SELECTOR = YES;
				GCC_WARN_UNINITIALIZED_AUTOS = YES_AGGRESSIVE;
				GCC_WARN_UNUSED_FUNCTION = YES;
				GCC_WARN_UNUSED_VARIABLE = YES;
				MACOSX_DEPLOYMENT_TARGET = 11.1;
				MTL_ENABLE_DEBUG_INFO = NO;
				MTL_FAST_MATH = YES;
				SDKROOT = macosx;
				SWIFT_COMPILATION_MODE = wholemodule;
				SWIFT_OPTIMIZATION_LEVEL = "-O";
			};
			name = Release;
		};
		39A49D57266025810021750E /* Debug */ = {
			isa = XCBuildConfiguration;
			buildSettings = {
				ASSETCATALOG_COMPILER_APPICON_NAME = AppIcon;
				ASSETCATALOG_COMPILER_GLOBAL_ACCENT_COLOR_NAME = AccentColor;
				CODE_SIGN_ENTITLEMENTS = BookBuilder/BookBuilder.entitlements;
				CODE_SIGN_STYLE = Automatic;
				COMBINE_HIDPI_IMAGES = YES;
				DEVELOPMENT_TEAM = 5Y3322JWHB;
				ENABLE_HARDENED_RUNTIME = YES;
				INFOPLIST_FILE = BookBuilder/Info.plist;
				LD_RUNPATH_SEARCH_PATHS = (
					"$(inherited)",
					"@executable_path/../Frameworks",
				);
				PRODUCT_BUNDLE_IDENTIFIER = perivalebluebell.com.BookBuilder;
				PRODUCT_NAME = "$(TARGET_NAME)";
				SWIFT_VERSION = 5.0;
			};
			name = Debug;
		};
		39A49D58266025810021750E /* Release */ = {
			isa = XCBuildConfiguration;
			buildSettings = {
				ASSETCATALOG_COMPILER_APPICON_NAME = AppIcon;
				ASSETCATALOG_COMPILER_GLOBAL_ACCENT_COLOR_NAME = AccentColor;
				CODE_SIGN_ENTITLEMENTS = BookBuilder/BookBuilder.entitlements;
				CODE_SIGN_STYLE = Automatic;
				COMBINE_HIDPI_IMAGES = YES;
				DEVELOPMENT_TEAM = 5Y3322JWHB;
				ENABLE_HARDENED_RUNTIME = YES;
				INFOPLIST_FILE = BookBuilder/Info.plist;
				LD_RUNPATH_SEARCH_PATHS = (
					"$(inherited)",
					"@executable_path/../Frameworks",
				);
				PRODUCT_BUNDLE_IDENTIFIER = perivalebluebell.com.BookBuilder;
				PRODUCT_NAME = "$(TARGET_NAME)";
				SWIFT_VERSION = 5.0;
			};
			name = Release;
		};
/* End XCBuildConfiguration section */

/* Begin XCConfigurationList section */
		39A49D3F266025810021750E /* Build configuration list for PBXProject "BookBuilder" */ = {
			isa = XCConfigurationList;
			buildConfigurations = (
				39A49D54266025810021750E /* Debug */,
				39A49D55266025810021750E /* Release */,
			);
			defaultConfigurationIsVisible = 0;
			defaultConfigurationName = Release;
		};
		39A49D56266025810021750E /* Build configuration list for PBXNativeTarget "BookBuilder" */ = {
			isa = XCConfigurationList;
			buildConfigurations = (
				39A49D57266025810021750E /* Debug */,
				39A49D58266025810021750E /* Release */,
			);
			defaultConfigurationIsVisible = 0;
			defaultConfigurationName = Release;
		};
/* End XCConfigurationList section */

/* Begin XCSwiftPackageProductDependency section */
		39A49D69266240DE0021750E /* BuilderLibrary */ = {
			isa = XCSwiftPackageProductDependency;
			productName = BuilderLibrary;
		};
/* End XCSwiftPackageProductDependency section */
	};
	rootObject = 39A49D3C266025810021750E /* Project object */;
}
