// !$*UTF8*$!
{
	archiveVersion = 1;
	classes = {
	};
	objectVersion = 50;
	objects = {

/* Begin PBXBuildFile section */
		393BD6772624E3D7003CB3E9 /* AppDelegate.m in Sources */ = {isa = PBXBuildFile; fileRef = 393BD6762624E3D7003CB3E9 /* AppDelegate.m */; };
		393BD67A2624E3D7003CB3E9 /* SceneDelegate.m in Sources */ = {isa = PBXBuildFile; fileRef = 393BD6792624E3D7003CB3E9 /* SceneDelegate.m */; };
		393BD67D2624E3D7003CB3E9 /* ViewController.m in Sources */ = {isa = PBXBuildFile; fileRef = 393BD67C2624E3D7003CB3E9 /* ViewController.m */; };
		393BD6802624E3D7003CB3E9 /* Main.storyboard in Resources */ = {isa = PBXBuildFile; fileRef = 393BD67E2624E3D7003CB3E9 /* Main.storyboard */; };
		393BD6822624E3D8003CB3E9 /* Assets.xcassets in Resources */ = {isa = PBXBuildFile; fileRef = 393BD6812624E3D8003CB3E9 /* Assets.xcassets */; };
		393BD6852624E3D8003CB3E9 /* LaunchScreen.storyboard in Resources */ = {isa = PBXBuildFile; fileRef = 393BD6832624E3D8003CB3E9 /* LaunchScreen.storyboard */; };
		393BD6882624E3D8003CB3E9 /* main.m in Sources */ = {isa = PBXBuildFile; fileRef = 393BD6872624E3D8003CB3E9 /* main.m */; };
/* End PBXBuildFile section */

/* Begin PBXFileReference section */
		393BD6722624E3D7003CB3E9 /* initiator_responder.app */ = {isa = PBXFileReference; explicitFileType = wrapper.application; includeInIndex = 0; path = initiator_responder.app; sourceTree = BUILT_PRODUCTS_DIR; };
		393BD6752624E3D7003CB3E9 /* AppDelegate.h */ = {isa = PBXFileReference; lastKnownFileType = sourcecode.c.h; path = AppDelegate.h; sourceTree = "<group>"; };
		393BD6762624E3D7003CB3E9 /* AppDelegate.m */ = {isa = PBXFileReference; lastKnownFileType = sourcecode.c.objc; path = AppDelegate.m; sourceTree = "<group>"; };
		393BD6782624E3D7003CB3E9 /* SceneDelegate.h */ = {isa = PBXFileReference; lastKnownFileType = sourcecode.c.h; path = SceneDelegate.h; sourceTree = "<group>"; };
		393BD6792624E3D7003CB3E9 /* SceneDelegate.m */ = {isa = PBXFileReference; lastKnownFileType = sourcecode.c.objc; path = SceneDelegate.m; sourceTree = "<group>"; };
		393BD67B2624E3D7003CB3E9 /* ViewController.h */ = {isa = PBXFileReference; lastKnownFileType = sourcecode.c.h; path = ViewController.h; sourceTree = "<group>"; };
		393BD67C2624E3D7003CB3E9 /* ViewController.m */ = {isa = PBXFileReference; lastKnownFileType = sourcecode.c.objc; path = ViewController.m; sourceTree = "<group>"; };
		393BD67F2624E3D7003CB3E9 /* Base */ = {isa = PBXFileReference; lastKnownFileType = file.storyboard; name = Base; path = Base.lproj/Main.storyboard; sourceTree = "<group>"; };
		393BD6812624E3D8003CB3E9 /* Assets.xcassets */ = {isa = PBXFileReference; lastKnownFileType = folder.assetcatalog; path = Assets.xcassets; sourceTree = "<group>"; };
		393BD6842624E3D8003CB3E9 /* Base */ = {isa = PBXFileReference; lastKnownFileType = file.storyboard; name = Base; path = Base.lproj/LaunchScreen.storyboard; sourceTree = "<group>"; };
		393BD6862624E3D8003CB3E9 /* Info.plist */ = {isa = PBXFileReference; lastKnownFileType = text.plist.xml; path = Info.plist; sourceTree = "<group>"; };
		393BD6872624E3D8003CB3E9 /* main.m */ = {isa = PBXFileReference; lastKnownFileType = sourcecode.c.objc; path = main.m; sourceTree = "<group>"; };
/* End PBXFileReference section */

/* Begin PBXFrameworksBuildPhase section */
		393BD66F2624E3D7003CB3E9 /* Frameworks */ = {
			isa = PBXFrameworksBuildPhase;
			buildActionMask = 2147483647;
			files = (
			);
			runOnlyForDeploymentPostprocessing = 0;
		};
/* End PBXFrameworksBuildPhase section */

/* Begin PBXGroup section */
		393BD6692624E3D7003CB3E9 = {
			isa = PBXGroup;
			children = (
				393BD6742624E3D7003CB3E9 /* initiator_responder */,
				393BD6732624E3D7003CB3E9 /* Products */,
			);
			sourceTree = "<group>";
		};
		393BD6732624E3D7003CB3E9 /* Products */ = {
			isa = PBXGroup;
			children = (
				393BD6722624E3D7003CB3E9 /* initiator_responder.app */,
			);
			name = Products;
			sourceTree = "<group>";
		};
		393BD6742624E3D7003CB3E9 /* initiator_responder */ = {
			isa = PBXGroup;
			children = (
				393BD6752624E3D7003CB3E9 /* AppDelegate.h */,
				393BD6762624E3D7003CB3E9 /* AppDelegate.m */,
				393BD6782624E3D7003CB3E9 /* SceneDelegate.h */,
				393BD6792624E3D7003CB3E9 /* SceneDelegate.m */,
				393BD67B2624E3D7003CB3E9 /* ViewController.h */,
				393BD67C2624E3D7003CB3E9 /* ViewController.m */,
				393BD67E2624E3D7003CB3E9 /* Main.storyboard */,
				393BD6812624E3D8003CB3E9 /* Assets.xcassets */,
				393BD6832624E3D8003CB3E9 /* LaunchScreen.storyboard */,
				393BD6862624E3D8003CB3E9 /* Info.plist */,
				393BD6872624E3D8003CB3E9 /* main.m */,
			);
			path = initiator_responder;
			sourceTree = "<group>";
		};
/* End PBXGroup section */

/* Begin PBXNativeTarget section */
		393BD6712624E3D7003CB3E9 /* initiator_responder */ = {
			isa = PBXNativeTarget;
			buildConfigurationList = 393BD68B2624E3D8003CB3E9 /* Build configuration list for PBXNativeTarget "initiator_responder" */;
			buildPhases = (
				393BD66E2624E3D7003CB3E9 /* Sources */,
				393BD66F2624E3D7003CB3E9 /* Frameworks */,
				393BD6702624E3D7003CB3E9 /* Resources */,
			);
			buildRules = (
			);
			dependencies = (
			);
			name = initiator_responder;
			productName = initiator_responder;
			productReference = 393BD6722624E3D7003CB3E9 /* initiator_responder.app */;
			productType = "com.apple.product-type.application";
		};
/* End PBXNativeTarget section */

/* Begin PBXProject section */
		393BD66A2624E3D7003CB3E9 /* Project object */ = {
			isa = PBXProject;
			attributes = {
				LastUpgradeCheck = 1240;
				TargetAttributes = {
					393BD6712624E3D7003CB3E9 = {
						CreatedOnToolsVersion = 12.4;
					};
				};
			};
			buildConfigurationList = 393BD66D2624E3D7003CB3E9 /* Build configuration list for PBXProject "initiator_responder" */;
			compatibilityVersion = "Xcode 9.3";
			developmentRegion = en;
			hasScannedForEncodings = 0;
			knownRegions = (
				en,
				Base,
			);
			mainGroup = 393BD6692624E3D7003CB3E9;
			productRefGroup = 393BD6732624E3D7003CB3E9 /* Products */;
			projectDirPath = "";
			projectRoot = "";
			targets = (
				393BD6712624E3D7003CB3E9 /* initiator_responder */,
			);
		};
/* End PBXProject section */

/* Begin PBXResourcesBuildPhase section */
		393BD6702624E3D7003CB3E9 /* Resources */ = {
			isa = PBXResourcesBuildPhase;
			buildActionMask = 2147483647;
			files = (
				393BD6852624E3D8003CB3E9 /* LaunchScreen.storyboard in Resources */,
				393BD6822624E3D8003CB3E9 /* Assets.xcassets in Resources */,
				393BD6802624E3D7003CB3E9 /* Main.storyboard in Resources */,
			);
			runOnlyForDeploymentPostprocessing = 0;
		};
/* End PBXResourcesBuildPhase section */

/* Begin PBXSourcesBuildPhase section */
		393BD66E2624E3D7003CB3E9 /* Sources */ = {
			isa = PBXSourcesBuildPhase;
			buildActionMask = 2147483647;
			files = (
				393BD67D2624E3D7003CB3E9 /* ViewController.m in Sources */,
				393BD6772624E3D7003CB3E9 /* AppDelegate.m in Sources */,
				393BD6882624E3D8003CB3E9 /* main.m in Sources */,
				393BD67A2624E3D7003CB3E9 /* SceneDelegate.m in Sources */,
			);
			runOnlyForDeploymentPostprocessing = 0;
		};
/* End PBXSourcesBuildPhase section */

/* Begin PBXVariantGroup section */
		393BD67E2624E3D7003CB3E9 /* Main.storyboard */ = {
			isa = PBXVariantGroup;
			children = (
				393BD67F2624E3D7003CB3E9 /* Base */,
			);
			name = Main.storyboard;
			sourceTree = "<group>";
		};
		393BD6832624E3D8003CB3E9 /* LaunchScreen.storyboard */ = {
			isa = PBXVariantGroup;
			children = (
				393BD6842624E3D8003CB3E9 /* Base */,
			);
			name = LaunchScreen.storyboard;
			sourceTree = "<group>";
		};
/* End PBXVariantGroup section */

/* Begin XCBuildConfiguration section */
		393BD6892624E3D8003CB3E9 /* Debug */ = {
			isa = XCBuildConfiguration;
			buildSettings = {
				ALWAYS_SEARCH_USER_PATHS = NO;
				CLANG_ANALYZER_NONNULL = YES;
				CLANG_ANALYZER_NUMBER_OBJECT_CONVERSION = YES_AGGRESSIVE;
				CLANG_CXX_LANGUAGE_STANDARD = "gnu++14";
				CLANG_CXX_LIBRARY = "libc++";
				CLANG_ENABLE_MODULES = YES;
				CLANG_ENABLE_OBJC_ARC = YES;
				CLANG_ENABLE_OBJC_WEAK = YES;
				CLANG_WARN_BLOCK_CAPTURE_AUTORELEASING = YES;
				CLANG_WARN_BOOL_CONVERSION = YES;
				CLANG_WARN_COMMA = YES;
				CLANG_WARN_CONSTANT_CONVERSION = YES;
				CLANG_WARN_DEPRECATED_OBJC_IMPLEMENTATIONS = YES;
				CLANG_WARN_DIRECT_OBJC_ISA_USAGE = YES_ERROR;
				CLANG_WARN_DOCUMENTATION_COMMENTS = YES;
				CLANG_WARN_EMPTY_BODY = YES;
				CLANG_WARN_ENUM_CONVERSION = YES;
				CLANG_WARN_INFINITE_RECURSION = YES;
				CLANG_WARN_INT_CONVERSION = YES;
				CLANG_WARN_NON_LITERAL_NULL_CONVERSION = YES;
				CLANG_WARN_OBJC_IMPLICIT_RETAIN_SELF = YES;
				CLANG_WARN_OBJC_LITERAL_CONVERSION = YES;
				CLANG_WARN_OBJC_ROOT_CLASS = YES_ERROR;
				CLANG_WARN_QUOTED_INCLUDE_IN_FRAMEWORK_HEADER = YES;
				CLANG_WARN_RANGE_LOOP_ANALYSIS = YES;
				CLANG_WARN_STRICT_PROTOTYPES = YES;
				CLANG_WARN_SUSPICIOUS_MOVE = YES;
				CLANG_WARN_UNGUARDED_AVAILABILITY = YES_AGGRESSIVE;
				CLANG_WARN_UNREACHABLE_CODE = YES;
				CLANG_WARN__DUPLICATE_METHOD_MATCH = YES;
				COPY_PHASE_STRIP = NO;
				DEBUG_INFORMATION_FORMAT = dwarf;
				ENABLE_STRICT_OBJC_MSGSEND = YES;
				ENABLE_TESTABILITY = YES;
				GCC_C_LANGUAGE_STANDARD = gnu11;
				GCC_DYNAMIC_NO_PIC = NO;
				GCC_NO_COMMON_BLOCKS = YES;
				GCC_OPTIMIZATION_LEVEL = 0;
				GCC_PREPROCESSOR_DEFINITIONS = (
					"DEBUG=1",
					"$(inherited)",
				);
				GCC_WARN_64_TO_32_BIT_CONVERSION = YES;
				GCC_WARN_ABOUT_RETURN_TYPE = YES_ERROR;
				GCC_WARN_UNDECLARED_SELECTOR = YES;
				GCC_WARN_UNINITIALIZED_AUTOS = YES_AGGRESSIVE;
				GCC_WARN_UNUSED_FUNCTION = YES;
				GCC_WARN_UNUSED_VARIABLE = YES;
				IPHONEOS_DEPLOYMENT_TARGET = 14.4;
				MTL_ENABLE_DEBUG_INFO = INCLUDE_SOURCE;
				MTL_FAST_MATH = YES;
				ONLY_ACTIVE_ARCH = YES;
				SDKROOT = iphoneos;
			};
			name = Debug;
		};
		393BD68A2624E3D8003CB3E9 /* Release */ = {
			isa = XCBuildConfiguration;
			buildSettings = {
				ALWAYS_SEARCH_USER_PATHS = NO;
				CLANG_ANALYZER_NONNULL = YES;
				CLANG_ANALYZER_NUMBER_OBJECT_CONVERSION = YES_AGGRESSIVE;
				CLANG_CXX_LANGUAGE_STANDARD = "gnu++14";
				CLANG_CXX_LIBRARY = "libc++";
				CLANG_ENABLE_MODULES = YES;
				CLANG_ENABLE_OBJC_ARC = YES;
				CLANG_ENABLE_OBJC_WEAK = YES;
				CLANG_WARN_BLOCK_CAPTURE_AUTORELEASING = YES;
				CLANG_WARN_BOOL_CONVERSION = YES;
				CLANG_WARN_COMMA = YES;
				CLANG_WARN_CONSTANT_CONVERSION = YES;
				CLANG_WARN_DEPRECATED_OBJC_IMPLEMENTATIONS = YES;
				CLANG_WARN_DIRECT_OBJC_ISA_USAGE = YES_ERROR;
				CLANG_WARN_DOCUMENTATION_COMMENTS = YES;
				CLANG_WARN_EMPTY_BODY = YES;
				CLANG_WARN_ENUM_CONVERSION = YES;
				CLANG_WARN_INFINITE_RECURSION = YES;
				CLANG_WARN_INT_CONVERSION = YES;
				CLANG_WARN_NON_LITERAL_NULL_CONVERSION = YES;
				CLANG_WARN_OBJC_IMPLICIT_RETAIN_SELF = YES;
				CLANG_WARN_OBJC_LITERAL_CONVERSION = YES;
				CLANG_WARN_OBJC_ROOT_CLASS = YES_ERROR;
				CLANG_WARN_QUOTED_INCLUDE_IN_FRAMEWORK_HEADER = YES;
				CLANG_WARN_RANGE_LOOP_ANALYSIS = YES;
				CLANG_WARN_STRICT_PROTOTYPES = YES;
				CLANG_WARN_SUSPICIOUS_MOVE = YES;
				CLANG_WARN_UNGUARDED_AVAILABILITY = YES_AGGRESSIVE;
				CLANG_WARN_UNREACHABLE_CODE = YES;
				CLANG_WARN__DUPLICATE_METHOD_MATCH = YES;
				COPY_PHASE_STRIP = NO;
				DEBUG_INFORMATION_FORMAT = "dwarf-with-dsym";
				ENABLE_NS_ASSERTIONS = NO;
				ENABLE_STRICT_OBJC_MSGSEND = YES;
				GCC_C_LANGUAGE_STANDARD = gnu11;
				GCC_NO_COMMON_BLOCKS = YES;
				GCC_WARN_64_TO_32_BIT_CONVERSION = YES;
				GCC_WARN_ABOUT_RETURN_TYPE = YES_ERROR;
				GCC_WARN_UNDECLARED_SELECTOR = YES;
				GCC_WARN_UNINITIALIZED_AUTOS = YES_AGGRESSIVE;
				GCC_WARN_UNUSED_FUNCTION = YES;
				GCC_WARN_UNUSED_VARIABLE = YES;
				IPHONEOS_DEPLOYMENT_TARGET = 14.4;
				MTL_ENABLE_DEBUG_INFO = NO;
				MTL_FAST_MATH = YES;
				SDKROOT = iphoneos;
				VALIDATE_PRODUCT = YES;
			};
			name = Release;
		};
		393BD68C2624E3D8003CB3E9 /* Debug */ = {
			isa = XCBuildConfiguration;
			buildSettings = {
				ASSETCATALOG_COMPILER_APPICON_NAME = AppIcon;
				ASSETCATALOG_COMPILER_GLOBAL_ACCENT_COLOR_NAME = AccentColor;
				CODE_SIGN_STYLE = Automatic;
				DEVELOPMENT_TEAM = 5Y3322JWHB;
				INFOPLIST_FILE = initiator_responder/Info.plist;
				LD_RUNPATH_SEARCH_PATHS = (
					"$(inherited)",
					"@executable_path/Frameworks",
				);
				PRODUCT_BUNDLE_IDENTIFIER = "perivalebluebell.com.initiator-responder";
				PRODUCT_NAME = "$(TARGET_NAME)";
				TARGETED_DEVICE_FAMILY = "1,2";
			};
			name = Debug;
		};
		393BD68D2624E3D8003CB3E9 /* Release */ = {
			isa = XCBuildConfiguration;
			buildSettings = {
				ASSETCATALOG_COMPILER_APPICON_NAME = AppIcon;
				ASSETCATALOG_COMPILER_GLOBAL_ACCENT_COLOR_NAME = AccentColor;
				CODE_SIGN_STYLE = Automatic;
				DEVELOPMENT_TEAM = 5Y3322JWHB;
				INFOPLIST_FILE = initiator_responder/Info.plist;
				LD_RUNPATH_SEARCH_PATHS = (
					"$(inherited)",
					"@executable_path/Frameworks",
				);
				PRODUCT_BUNDLE_IDENTIFIER = "perivalebluebell.com.initiator-responder";
				PRODUCT_NAME = "$(TARGET_NAME)";
				TARGETED_DEVICE_FAMILY = "1,2";
			};
			name = Release;
		};
/* End XCBuildConfiguration section */

/* Begin XCConfigurationList section */
		393BD66D2624E3D7003CB3E9 /* Build configuration list for PBXProject "initiator_responder" */ = {
			isa = XCConfigurationList;
			buildConfigurations = (
				393BD6892624E3D8003CB3E9 /* Debug */,
				393BD68A2624E3D8003CB3E9 /* Release */,
			);
			defaultConfigurationIsVisible = 0;
			defaultConfigurationName = Release;
		};
		393BD68B2624E3D8003CB3E9 /* Build configuration list for PBXNativeTarget "initiator_responder" */ = {
			isa = XCConfigurationList;
			buildConfigurations = (
				393BD68C2624E3D8003CB3E9 /* Debug */,
				393BD68D2624E3D8003CB3E9 /* Release */,
			);
			defaultConfigurationIsVisible = 0;
			defaultConfigurationName = Release;
		};
/* End XCConfigurationList section */
	};
	rootObject = 393BD66A2624E3D7003CB3E9 /* Project object */;
}
